
Microsoft Visual Studio Solution File, Format Version 12.00
# Visual Studio Version 17
VisualStudioVersion = 17.0.31903.59
MinimumVisualStudioVersion = 10.0.40219.1
Project("{FAE04EC0-301F-11D3-BF4B-00C04F79EFBC}") = "Suelos.Shared", "Suelos.Shared\Suelos.Shared.csproj", "{C20F85F6-0204-4C1D-8C20-F604D823B11B}"
EndProject
Project("{FAE04EC0-301F-11D3-BF4B-00C04F79EFBC}") = "Suelos.WEB", "Suelos.WEB\Suelos.WEB.csproj", "{3457984C-3A7B-4DBA-8D4C-53B14AC7E487}"
EndProject
Project("{FAE04EC0-301F-11D3-BF4B-00C04F79EFBC}") = "Suelos.API", "Suelos.API\Suelos.API.csproj", "{B186FBEE-2340-4702-950E-36861765D856}"
EndProject
Global
	GlobalSection(SolutionConfigurationPlatforms) = preSolution
		Debug|Any CPU = Debug|Any CPU
		Debug|x64 = Debug|x64
		Debug|x86 = Debug|x86
		Release|Any CPU = Release|Any CPU
		Release|x64 = Release|x64
		Release|x86 = Release|x86
	EndGlobalSection
	GlobalSection(ProjectConfigurationPlatforms) = postSolution
		{C20F85F6-0204-4C1D-8C20-F604D823B11B}.Debug|Any CPU.ActiveCfg = Debug|Any CPU
		{C20F85F6-0204-4C1D-8C20-F604D823B11B}.Debug|Any CPU.Build.0 = Debug|Any CPU
		{C20F85F6-0204-4C1D-8C20-F604D823B11B}.Debug|x64.ActiveCfg = Debug|Any CPU
		{C20F85F6-0204-4C1D-8C20-F604D823B11B}.Debug|x64.Build.0 = Debug|Any CPU
		{C20F85F6-0204-4C1D-8C20-F604D823B11B}.Debug|x86.ActiveCfg = Debug|Any CPU
		{C20F85F6-0204-4C1D-8C20-F604D823B11B}.Debug|x86.Build.0 = Debug|Any CPU
		{C20F85F6-0204-4C1D-8C20-F604D823B11B}.Release|Any CPU.ActiveCfg = Release|Any CPU
		{C20F85F6-0204-4C1D-8C20-F604D823B11B}.Release|Any CPU.Build.0 = Release|Any CPU
		{C20F85F6-0204-4C1D-8C20-F604D823B11B}.Release|x64.ActiveCfg = Release|Any CPU
		{C20F85F6-0204-4C1D-8C20-F604D823B11B}.Release|x64.Build.0 = Release|Any CPU
		{C20F85F6-0204-4C1D-8C20-F604D823B11B}.Release|x86.ActiveCfg = Release|Any CPU
		{C20F85F6-0204-4C1D-8C20-F604D823B11B}.Release|x86.Build.0 = Release|Any CPU
		{3457984C-3A7B-4DBA-8D4C-53B14AC7E487}.Debug|Any CPU.ActiveCfg = Debug|Any CPU
		{3457984C-3A7B-4DBA-8D4C-53B14AC7E487}.Debug|Any CPU.Build.0 = Debug|Any CPU
		{3457984C-3A7B-4DBA-8D4C-53B14AC7E487}.Debug|x64.ActiveCfg = Debug|Any CPU
		{3457984C-3A7B-4DBA-8D4C-53B14AC7E487}.Debug|x64.Build.0 = Debug|Any CPU
		{3457984C-3A7B-4DBA-8D4C-53B14AC7E487}.Debug|x86.ActiveCfg = Debug|Any CPU
		{3457984C-3A7B-4DBA-8D4C-53B14AC7E487}.Debug|x86.Build.0 = Debug|Any CPU
		{3457984C-3A7B-4DBA-8D4C-53B14AC7E487}.Release|Any CPU.ActiveCfg = Release|Any CPU
		{3457984C-3A7B-4DBA-8D4C-53B14AC7E487}.Release|Any CPU.Build.0 = Release|Any CPU
		{3457984C-3A7B-4DBA-8D4C-53B14AC7E487}.Release|x64.ActiveCfg = Release|Any CPU
		{3457984C-3A7B-4DBA-8D4C-53B14AC7E487}.Release|x64.Build.0 = Release|Any CPU
		{3457984C-3A7B-4DBA-8D4C-53B14AC7E487}.Release|x86.ActiveCfg = Release|Any CPU
		{3457984C-3A7B-4DBA-8D4C-53B14AC7E487}.Release|x86.Build.0 = Release|Any CPU
		{B186FBEE-2340-4702-950E-36861765D856}.Debug|Any CPU.ActiveCfg = Debug|Any CPU
		{B186FBEE-2340-4702-950E-36861765D856}.Debug|Any CPU.Build.0 = Debug|Any CPU
		{B186FBEE-2340-4702-950E-36861765D856}.Debug|x64.ActiveCfg = Debug|Any CPU
		{B186FBEE-2340-4702-950E-36861765D856}.Debug|x64.Build.0 = Debug|Any CPU
		{B186FBEE-2340-4702-950E-36861765D856}.Debug|x86.ActiveCfg = Debug|Any CPU
		{B186FBEE-2340-4702-950E-36861765D856}.Debug|x86.Build.0 = Debug|Any CPU
		{B186FBEE-2340-4702-950E-36861765D856}.Release|Any CPU.ActiveCfg = Release|Any CPU
		{B186FBEE-2340-4702-950E-36861765D856}.Release|Any CPU.Build.0 = Release|Any CPU
		{B186FBEE-2340-4702-950E-36861765D856}.Release|x64.ActiveCfg = Release|Any CPU
		{B186FBEE-2340-4702-950E-36861765D856}.Release|x64.Build.0 = Release|Any CPU
		{B186FBEE-2340-4702-950E-36861765D856}.Release|x86.ActiveCfg = Release|Any CPU
		{B186FBEE-2340-4702-950E-36861765D856}.Release|x86.Build.0 = Release|Any CPU
	EndGlobalSection
	GlobalSection(SolutionProperties) = preSolution
		HideSolutionNode = FALSE
	EndGlobalSection
EndGlobal
